
Microsoft Visual Studio Solution File, Format Version 12.00
# Visual Studio 15
VisualStudioVersion = 15.0.28307.271
MinimumVisualStudioVersion = 10.0.40219.1
Project("{2150E333-8FDC-42A3-9474-1A3956D46DE8}") = "1 - UI", "1 - UI", "{14776C96-138D-4CB9-B641-351C92593001}"
EndProject
Project("{2150E333-8FDC-42A3-9474-1A3956D46DE8}") = "2 - Domain", "2 - Domain", "{2A99158F-C275-4211-9AF0-27E5D6C74994}"
EndProject
Project("{2150E333-8FDC-42A3-9474-1A3956D46DE8}") = "3 -Infrastructure", "3 -Infrastructure", "{C586434E-0DFA-4905-80E0-2A7D6CBBDD14}"
EndProject
Project("{9A19103F-16F7-4668-BE54-9A1E7A4F7556}") = "MovimentosManuais.InfraStruture", "src\MovimentosManuais.InfraStruture\MovimentosManuais.InfraStruture.csproj", "{D95EB535-F7EF-4255-9AB6-283D91A465C3}"
EndProject
Project("{9A19103F-16F7-4668-BE54-9A1E7A4F7556}") = "MovimentosManuais.ApplicationCore", "src\MovimentosManuais.ApplicationCore\MovimentosManuais.ApplicationCore.csproj", "{AD4695C4-62A1-484D-9195-0A0BB762EEDE}"
EndProject
Project("{2150E333-8FDC-42A3-9474-1A3956D46DE8}") = "4 - Api", "4 - Api", "{3521BA3E-892C-4D8A-9C0B-F388E94A22D2}"
EndProject
Project("{FAE04EC0-301F-11D3-BF4B-00C04F79EFBC}") = "MovimentosManuais.Api", "src\MovimentosManuais.Api\MovimentosManuais.Api.csproj", "{C1CE6423-A5D3-4724-9F15-129210E3BFBD}"
EndProject
Project("{FAE04EC0-301F-11D3-BF4B-00C04F79EFBC}") = "MovimentosManuais.UI", "src\MovimentosManuais.UI\MovimentosManuais.UI.csproj", "{2B354FF4-85D1-44DB-AE31-11AE96B1F8CB}"
EndProject
Global
	GlobalSection(SolutionConfigurationPlatforms) = preSolution
		Debug|Any CPU = Debug|Any CPU
		Release|Any CPU = Release|Any CPU
	EndGlobalSection
	GlobalSection(ProjectConfigurationPlatforms) = postSolution
		{D95EB535-F7EF-4255-9AB6-283D91A465C3}.Debug|Any CPU.ActiveCfg = Debug|Any CPU
		{D95EB535-F7EF-4255-9AB6-283D91A465C3}.Debug|Any CPU.Build.0 = Debug|Any CPU
		{D95EB535-F7EF-4255-9AB6-283D91A465C3}.Release|Any CPU.ActiveCfg = Release|Any CPU
		{D95EB535-F7EF-4255-9AB6-283D91A465C3}.Release|Any CPU.Build.0 = Release|Any CPU
		{AD4695C4-62A1-484D-9195-0A0BB762EEDE}.Debug|Any CPU.ActiveCfg = Debug|Any CPU
		{AD4695C4-62A1-484D-9195-0A0BB762EEDE}.Debug|Any CPU.Build.0 = Debug|Any CPU
		{AD4695C4-62A1-484D-9195-0A0BB762EEDE}.Release|Any CPU.ActiveCfg = Release|Any CPU
		{AD4695C4-62A1-484D-9195-0A0BB762EEDE}.Release|Any CPU.Build.0 = Release|Any CPU
		{C1CE6423-A5D3-4724-9F15-129210E3BFBD}.Debug|Any CPU.ActiveCfg = Debug|Any CPU
		{C1CE6423-A5D3-4724-9F15-129210E3BFBD}.Debug|Any CPU.Build.0 = Debug|Any CPU
		{C1CE6423-A5D3-4724-9F15-129210E3BFBD}.Release|Any CPU.ActiveCfg = Release|Any CPU
		{C1CE6423-A5D3-4724-9F15-129210E3BFBD}.Release|Any CPU.Build.0 = Release|Any CPU
		{2B354FF4-85D1-44DB-AE31-11AE96B1F8CB}.Debug|Any CPU.ActiveCfg = Debug|Any CPU
		{2B354FF4-85D1-44DB-AE31-11AE96B1F8CB}.Debug|Any CPU.Build.0 = Debug|Any CPU
		{2B354FF4-85D1-44DB-AE31-11AE96B1F8CB}.Release|Any CPU.ActiveCfg = Release|Any CPU
		{2B354FF4-85D1-44DB-AE31-11AE96B1F8CB}.Release|Any CPU.Build.0 = Release|Any CPU
	EndGlobalSection
	GlobalSection(SolutionProperties) = preSolution
		HideSolutionNode = FALSE
	EndGlobalSection
	GlobalSection(NestedProjects) = preSolution
		{D95EB535-F7EF-4255-9AB6-283D91A465C3} = {C586434E-0DFA-4905-80E0-2A7D6CBBDD14}
		{AD4695C4-62A1-484D-9195-0A0BB762EEDE} = {2A99158F-C275-4211-9AF0-27E5D6C74994}
		{C1CE6423-A5D3-4724-9F15-129210E3BFBD} = {3521BA3E-892C-4D8A-9C0B-F388E94A22D2}
		{2B354FF4-85D1-44DB-AE31-11AE96B1F8CB} = {14776C96-138D-4CB9-B641-351C92593001}
	EndGlobalSection
	GlobalSection(ExtensibilityGlobals) = postSolution
		SolutionGuid = {C25CB48F-085F-449C-AC93-014422F0ED5C}
	EndGlobalSection
EndGlobal
